{
  "version": 4,
  "terraform_version": "1.3.7",
  "serial": 97,
  "lineage": "ccc31db3-8205-b8ae-fd48-f5b47626e849",
  "outputs": {
    "bucket_name": {
      "value": "dttl-nl-genai-sandbox-qdrant-training-docs",
      "type": "string"
    },
    "service_account_bucket_name": {
      "value": "qdrant-bucket-access@dttl-nl-genai-sandbox.iam.gserviceaccount.com",
      "type": "string"
    },
    "service_account_eventarc_name": {
      "value": "qdrant-eventarc-access@dttl-nl-genai-sandbox.iam.gserviceaccount.com",
      "type": "string"
    }
  },
  "resources": [
    {
      "module": "module.cloud_storage",
      "mode": "managed",
      "type": "google_eventarc_trigger",
      "name": "trigger",
      "provider": "provider[\"registry.terraform.io/hashicorp/google\"]",
      "instances": [
        {
          "schema_version": 0,
          "attributes": {
            "channel": "",
            "conditions": {},
            "create_time": "2024-06-20T10:15:55.003730162Z",
            "destination": [
              {
                "cloud_function": "",
                "cloud_run_service": [],
                "gke": [
                  {
                    "cluster": "qdrant-cluster",
                    "location": "europe-west4",
                    "namespace": "qdrant",
                    "path": "/",
                    "service": "embed-docs"
                  }
                ],
                "http_endpoint": [],
                "network_config": [],
                "workflow": ""
              }
            ],
            "effective_labels": {},
            "etag": "",
            "event_data_content_type": "application/json",
            "id": "projects/dttl-nl-genai-sandbox/locations/europe-west4/triggers/qdrant-storage-trigger",
            "labels": null,
            "location": "europe-west4",
            "matching_criteria": [
              {
                "attribute": "bucket",
                "operator": "",
                "value": "dttl-nl-genai-sandbox-qdrant-training-docs"
              },
              {
                "attribute": "type",
                "operator": "",
                "value": "google.cloud.storage.object.v1.finalized"
              }
            ],
            "name": "qdrant-storage-trigger",
            "project": "dttl-nl-genai-sandbox",
            "service_account": "qdrant-eventarc-access@dttl-nl-genai-sandbox.iam.gserviceaccount.com",
            "terraform_labels": {},
            "timeouts": null,
            "transport": [
              {
                "pubsub": [
                  {
                    "subscription": "projects/dttl-nl-genai-sandbox/subscriptions/eventarc-europe-west4-qdrant-storage-trigger-sub-431",
                    "topic": "projects/dttl-nl-genai-sandbox/topics/eventarc-europe-west4-qdrant-storage-trigger-090"
                  }
                ]
              }
            ],
            "uid": "8b7e7f39-26d8-4957-8db0-6e4701517dd5",
            "update_time": "2024-06-20T10:19:39.480550065Z"
          },
          "sensitive_attributes": [],
          "private": "eyJlMmJmYjczMC1lY2FhLTExZTYtOGY4OC0zNDM2M2JjN2M0YzAiOnsiY3JlYXRlIjoxMjAwMDAwMDAwMDAwLCJkZWxldGUiOjEyMDAwMDAwMDAwMDAsInVwZGF0ZSI6MTIwMDAwMDAwMDAwMH19",
          "dependencies": [
            "module.cloud_storage.module.cloud-storage.google_storage_bucket.bucket",
            "module.cloud_storage.module.cloud-storage.google_storage_bucket_iam_member.members",
            "module.cloud_storage.module.project-iam-bindings.google_project_iam_binding.project_iam_authoritative",
            "module.cloud_storage.module.project-iam-bindings.google_project_iam_member.project_iam_additive",
            "module.cloud_storage.module.service-account-eventarc.google_billing_account_iam_member.billing_user",
            "module.cloud_storage.module.service-account-eventarc.google_organization_iam_member.billing_user",
            "module.cloud_storage.module.service-account-eventarc.google_organization_iam_member.organization_viewer",
            "module.cloud_storage.module.service-account-eventarc.google_organization_iam_member.xpn_admin",
            "module.cloud_storage.module.service-account-eventarc.google_project_iam_member.project-roles",
            "module.cloud_storage.module.service-account-eventarc.google_service_account.service_accounts",
            "module.cloud_storage.module.service-account-eventarc.google_service_account_key.keys"
          ]
        }
      ]
    },
    {
      "module": "module.cloud_storage.module.cloud-storage",
      "mode": "managed",
      "type": "google_storage_bucket",
      "name": "bucket",
      "provider": "provider[\"registry.terraform.io/hashicorp/google\"]",
      "instances": [
        {
          "schema_version": 1,
          "attributes": {
            "autoclass": [],
            "cors": [],
            "custom_placement_config": [],
            "default_event_based_hold": false,
            "effective_labels": {},
            "enable_object_retention": false,
            "encryption": [],
            "force_destroy": true,
            "id": "dttl-nl-genai-sandbox-qdrant-training-docs",
            "labels": {},
            "lifecycle_rule": [],
            "location": "EUROPE-WEST4",
            "logging": [],
            "name": "dttl-nl-genai-sandbox-qdrant-training-docs",
            "project": "dttl-nl-genai-sandbox",
            "project_number": 236909908642,
            "public_access_prevention": "inherited",
            "requester_pays": false,
            "retention_policy": [],
            "rpo": null,
            "self_link": "https://www.googleapis.com/storage/v1/b/dttl-nl-genai-sandbox-qdrant-training-docs",
            "soft_delete_policy": [
              {
                "effective_time": "2024-06-20T10:13:42.739Z",
                "retention_duration_seconds": 604800
              }
            ],
            "storage_class": "STANDARD",
            "terraform_labels": {},
            "timeouts": null,
            "uniform_bucket_level_access": true,
            "url": "gs://dttl-nl-genai-sandbox-qdrant-training-docs",
            "versioning": [
              {
                "enabled": true
              }
            ],
            "website": []
          },
          "sensitive_attributes": [],
          "private": "eyJlMmJmYjczMC1lY2FhLTExZTYtOGY4OC0zNDM2M2JjN2M0YzAiOnsiY3JlYXRlIjo2MDAwMDAwMDAwMDAsInJlYWQiOjI0MDAwMDAwMDAwMCwidXBkYXRlIjoyNDAwMDAwMDAwMDB9LCJzY2hlbWFfdmVyc2lvbiI6IjEifQ=="
        }
      ]
    },
    {
      "module": "module.cloud_storage.module.cloud-storage-iam-bindings",
      "mode": "managed",
      "type": "google_storage_bucket_iam_binding",
      "name": "storage_bucket_iam_authoritative",
      "provider": "provider[\"registry.terraform.io/hashicorp/google\"]",
      "instances": [
        {
          "index_key": "default--roles/storage.objectViewer",
          "schema_version": 0,
          "attributes": {
            "bucket": "b/dttl-nl-genai-sandbox-qdrant-training-docs",
            "condition": [],
            "etag": "CAI=",
            "id": "b/dttl-nl-genai-sandbox-qdrant-training-docs/roles/storage.objectViewer",
            "members": [
              "serviceAccount:qdrant-bucket-access@dttl-nl-genai-sandbox.iam.gserviceaccount.com"
            ],
            "role": "roles/storage.objectViewer"
          },
          "sensitive_attributes": [],
          "private": "bnVsbA==",
          "dependencies": [
            "module.cloud_storage.module.cloud-storage.google_storage_bucket.bucket",
            "module.cloud_storage.module.cloud-storage.google_storage_bucket_iam_member.members",
            "module.cloud_storage.module.service-account-bucket.google_service_account.service_accounts"
          ]
        }
      ]
    },
    {
      "module": "module.cloud_storage.module.project-iam-bindings",
      "mode": "managed",
      "type": "google_project_iam_member",
      "name": "project_iam_additive",
      "provider": "provider[\"registry.terraform.io/hashicorp/google\"]",
      "instances": [
        {
          "index_key": "default--roles/container.admin--serviceAccount:qdrant-eventarc-access@dttl-nl-genai-sandbox.iam.gserviceaccount.com",
          "schema_version": 0,
          "attributes": {
            "condition": [],
            "etag": "BwYbT5K3P6M=",
            "id": "dttl-nl-genai-sandbox/roles/container.admin/serviceAccount:qdrant-eventarc-access@dttl-nl-genai-sandbox.iam.gserviceaccount.com",
            "member": "serviceAccount:qdrant-eventarc-access@dttl-nl-genai-sandbox.iam.gserviceaccount.com",
            "project": "dttl-nl-genai-sandbox",
            "role": "roles/container.admin"
          },
          "sensitive_attributes": [],
          "private": "bnVsbA==",
          "dependencies": [
            "module.cloud_storage.module.cloud-storage.google_storage_bucket.bucket",
            "module.cloud_storage.module.cloud-storage.google_storage_bucket_iam_member.members",
            "module.cloud_storage.module.service-account-eventarc.google_billing_account_iam_member.billing_user",
            "module.cloud_storage.module.service-account-eventarc.google_organization_iam_member.billing_user",
            "module.cloud_storage.module.service-account-eventarc.google_organization_iam_member.organization_viewer",
            "module.cloud_storage.module.service-account-eventarc.google_organization_iam_member.xpn_admin",
            "module.cloud_storage.module.service-account-eventarc.google_project_iam_member.project-roles",
            "module.cloud_storage.module.service-account-eventarc.google_service_account.service_accounts",
            "module.cloud_storage.module.service-account-eventarc.google_service_account_key.keys"
          ]
        },
        {
          "index_key": "default--roles/eventarc.admin--serviceAccount:qdrant-eventarc-access@dttl-nl-genai-sandbox.iam.gserviceaccount.com",
          "schema_version": 0,
          "attributes": {
            "condition": [],
            "etag": "BwYbT5K3P6M=",
            "id": "dttl-nl-genai-sandbox/roles/eventarc.admin/serviceAccount:qdrant-eventarc-access@dttl-nl-genai-sandbox.iam.gserviceaccount.com",
            "member": "serviceAccount:qdrant-eventarc-access@dttl-nl-genai-sandbox.iam.gserviceaccount.com",
            "project": "dttl-nl-genai-sandbox",
            "role": "roles/eventarc.admin"
          },
          "sensitive_attributes": [],
          "private": "bnVsbA==",
          "dependencies": [
            "module.cloud_storage.module.cloud-storage.google_storage_bucket.bucket",
            "module.cloud_storage.module.cloud-storage.google_storage_bucket_iam_member.members",
            "module.cloud_storage.module.service-account-eventarc.google_billing_account_iam_member.billing_user",
            "module.cloud_storage.module.service-account-eventarc.google_organization_iam_member.billing_user",
            "module.cloud_storage.module.service-account-eventarc.google_organization_iam_member.organization_viewer",
            "module.cloud_storage.module.service-account-eventarc.google_organization_iam_member.xpn_admin",
            "module.cloud_storage.module.service-account-eventarc.google_project_iam_member.project-roles",
            "module.cloud_storage.module.service-account-eventarc.google_service_account.service_accounts",
            "module.cloud_storage.module.service-account-eventarc.google_service_account_key.keys"
          ]
        },
        {
          "index_key": "default--roles/eventarc.eventReceiver--serviceAccount:qdrant-eventarc-access@dttl-nl-genai-sandbox.iam.gserviceaccount.com",
          "schema_version": 0,
          "attributes": {
            "condition": [],
            "etag": "BwYbT5K3P6M=",
            "id": "dttl-nl-genai-sandbox/roles/eventarc.eventReceiver/serviceAccount:qdrant-eventarc-access@dttl-nl-genai-sandbox.iam.gserviceaccount.com",
            "member": "serviceAccount:qdrant-eventarc-access@dttl-nl-genai-sandbox.iam.gserviceaccount.com",
            "project": "dttl-nl-genai-sandbox",
            "role": "roles/eventarc.eventReceiver"
          },
          "sensitive_attributes": [],
          "private": "bnVsbA==",
          "dependencies": [
            "module.cloud_storage.module.cloud-storage.google_storage_bucket.bucket",
            "module.cloud_storage.module.cloud-storage.google_storage_bucket_iam_member.members",
            "module.cloud_storage.module.service-account-eventarc.google_billing_account_iam_member.billing_user",
            "module.cloud_storage.module.service-account-eventarc.google_organization_iam_member.billing_user",
            "module.cloud_storage.module.service-account-eventarc.google_organization_iam_member.organization_viewer",
            "module.cloud_storage.module.service-account-eventarc.google_organization_iam_member.xpn_admin",
            "module.cloud_storage.module.service-account-eventarc.google_project_iam_member.project-roles",
            "module.cloud_storage.module.service-account-eventarc.google_service_account.service_accounts",
            "module.cloud_storage.module.service-account-eventarc.google_service_account_key.keys"
          ]
        },
        {
          "index_key": "default--roles/gkehub.admin--serviceAccount:qdrant-eventarc-access@dttl-nl-genai-sandbox.iam.gserviceaccount.com",
          "schema_version": 0,
          "attributes": {
            "condition": [],
            "etag": "BwYbT5K3P6M=",
            "id": "dttl-nl-genai-sandbox/roles/gkehub.admin/serviceAccount:qdrant-eventarc-access@dttl-nl-genai-sandbox.iam.gserviceaccount.com",
            "member": "serviceAccount:qdrant-eventarc-access@dttl-nl-genai-sandbox.iam.gserviceaccount.com",
            "project": "dttl-nl-genai-sandbox",
            "role": "roles/gkehub.admin"
          },
          "sensitive_attributes": [],
          "private": "bnVsbA==",
          "dependencies": [
            "module.cloud_storage.module.cloud-storage.google_storage_bucket.bucket",
            "module.cloud_storage.module.cloud-storage.google_storage_bucket_iam_member.members",
            "module.cloud_storage.module.service-account-eventarc.google_billing_account_iam_member.billing_user",
            "module.cloud_storage.module.service-account-eventarc.google_organization_iam_member.billing_user",
            "module.cloud_storage.module.service-account-eventarc.google_organization_iam_member.organization_viewer",
            "module.cloud_storage.module.service-account-eventarc.google_organization_iam_member.xpn_admin",
            "module.cloud_storage.module.service-account-eventarc.google_project_iam_member.project-roles",
            "module.cloud_storage.module.service-account-eventarc.google_service_account.service_accounts",
            "module.cloud_storage.module.service-account-eventarc.google_service_account_key.keys"
          ]
        },
        {
          "index_key": "default--roles/iam.serviceAccountUser--serviceAccount:qdrant-eventarc-access@dttl-nl-genai-sandbox.iam.gserviceaccount.com",
          "schema_version": 0,
          "attributes": {
            "condition": [],
            "etag": "BwYbT5K3P6M=",
            "id": "dttl-nl-genai-sandbox/roles/iam.serviceAccountUser/serviceAccount:qdrant-eventarc-access@dttl-nl-genai-sandbox.iam.gserviceaccount.com",
            "member": "serviceAccount:qdrant-eventarc-access@dttl-nl-genai-sandbox.iam.gserviceaccount.com",
            "project": "dttl-nl-genai-sandbox",
            "role": "roles/iam.serviceAccountUser"
          },
          "sensitive_attributes": [],
          "private": "bnVsbA==",
          "dependencies": [
            "module.cloud_storage.module.cloud-storage.google_storage_bucket.bucket",
            "module.cloud_storage.module.cloud-storage.google_storage_bucket_iam_member.members",
            "module.cloud_storage.module.service-account-eventarc.google_billing_account_iam_member.billing_user",
            "module.cloud_storage.module.service-account-eventarc.google_organization_iam_member.billing_user",
            "module.cloud_storage.module.service-account-eventarc.google_organization_iam_member.organization_viewer",
            "module.cloud_storage.module.service-account-eventarc.google_organization_iam_member.xpn_admin",
            "module.cloud_storage.module.service-account-eventarc.google_project_iam_member.project-roles",
            "module.cloud_storage.module.service-account-eventarc.google_service_account.service_accounts",
            "module.cloud_storage.module.service-account-eventarc.google_service_account_key.keys"
          ]
        },
        {
          "index_key": "default--roles/monitoring.metricWriter--serviceAccount:qdrant-eventarc-access@dttl-nl-genai-sandbox.iam.gserviceaccount.com",
          "schema_version": 0,
          "attributes": {
            "condition": [],
            "etag": "BwYbT5K3P6M=",
            "id": "dttl-nl-genai-sandbox/roles/monitoring.metricWriter/serviceAccount:qdrant-eventarc-access@dttl-nl-genai-sandbox.iam.gserviceaccount.com",
            "member": "serviceAccount:qdrant-eventarc-access@dttl-nl-genai-sandbox.iam.gserviceaccount.com",
            "project": "dttl-nl-genai-sandbox",
            "role": "roles/monitoring.metricWriter"
          },
          "sensitive_attributes": [],
          "private": "bnVsbA==",
          "dependencies": [
            "module.cloud_storage.module.cloud-storage.google_storage_bucket.bucket",
            "module.cloud_storage.module.cloud-storage.google_storage_bucket_iam_member.members",
            "module.cloud_storage.module.service-account-eventarc.google_billing_account_iam_member.billing_user",
            "module.cloud_storage.module.service-account-eventarc.google_organization_iam_member.billing_user",
            "module.cloud_storage.module.service-account-eventarc.google_organization_iam_member.organization_viewer",
            "module.cloud_storage.module.service-account-eventarc.google_organization_iam_member.xpn_admin",
            "module.cloud_storage.module.service-account-eventarc.google_project_iam_member.project-roles",
            "module.cloud_storage.module.service-account-eventarc.google_service_account.service_accounts",
            "module.cloud_storage.module.service-account-eventarc.google_service_account_key.keys"
          ]
        },
        {
          "index_key": "default--roles/pubsub.publisher--serviceAccount:qdrant-eventarc-access@dttl-nl-genai-sandbox.iam.gserviceaccount.com",
          "schema_version": 0,
          "attributes": {
            "condition": [],
            "etag": "BwYbT5K3P6M=",
            "id": "dttl-nl-genai-sandbox/roles/pubsub.publisher/serviceAccount:qdrant-eventarc-access@dttl-nl-genai-sandbox.iam.gserviceaccount.com",
            "member": "serviceAccount:qdrant-eventarc-access@dttl-nl-genai-sandbox.iam.gserviceaccount.com",
            "project": "dttl-nl-genai-sandbox",
            "role": "roles/pubsub.publisher"
          },
          "sensitive_attributes": [],
          "private": "bnVsbA==",
          "dependencies": [
            "module.cloud_storage.module.cloud-storage.google_storage_bucket.bucket",
            "module.cloud_storage.module.cloud-storage.google_storage_bucket_iam_member.members",
            "module.cloud_storage.module.service-account-eventarc.google_billing_account_iam_member.billing_user",
            "module.cloud_storage.module.service-account-eventarc.google_organization_iam_member.billing_user",
            "module.cloud_storage.module.service-account-eventarc.google_organization_iam_member.organization_viewer",
            "module.cloud_storage.module.service-account-eventarc.google_organization_iam_member.xpn_admin",
            "module.cloud_storage.module.service-account-eventarc.google_project_iam_member.project-roles",
            "module.cloud_storage.module.service-account-eventarc.google_service_account.service_accounts",
            "module.cloud_storage.module.service-account-eventarc.google_service_account_key.keys"
          ]
        },
        {
          "index_key": "default--roles/pubsub.subscriber--serviceAccount:qdrant-eventarc-access@dttl-nl-genai-sandbox.iam.gserviceaccount.com",
          "schema_version": 0,
          "attributes": {
            "condition": [],
            "etag": "BwYbT5K3P6M=",
            "id": "dttl-nl-genai-sandbox/roles/pubsub.subscriber/serviceAccount:qdrant-eventarc-access@dttl-nl-genai-sandbox.iam.gserviceaccount.com",
            "member": "serviceAccount:qdrant-eventarc-access@dttl-nl-genai-sandbox.iam.gserviceaccount.com",
            "project": "dttl-nl-genai-sandbox",
            "role": "roles/pubsub.subscriber"
          },
          "sensitive_attributes": [],
          "private": "bnVsbA==",
          "dependencies": [
            "module.cloud_storage.module.cloud-storage.google_storage_bucket.bucket",
            "module.cloud_storage.module.cloud-storage.google_storage_bucket_iam_member.members",
            "module.cloud_storage.module.service-account-eventarc.google_billing_account_iam_member.billing_user",
            "module.cloud_storage.module.service-account-eventarc.google_organization_iam_member.billing_user",
            "module.cloud_storage.module.service-account-eventarc.google_organization_iam_member.organization_viewer",
            "module.cloud_storage.module.service-account-eventarc.google_organization_iam_member.xpn_admin",
            "module.cloud_storage.module.service-account-eventarc.google_project_iam_member.project-roles",
            "module.cloud_storage.module.service-account-eventarc.google_service_account.service_accounts",
            "module.cloud_storage.module.service-account-eventarc.google_service_account_key.keys"
          ]
        }
      ]
    },
    {
      "module": "module.cloud_storage.module.project-iam-bindings-bucket",
      "mode": "managed",
      "type": "google_project_iam_member",
      "name": "project_iam_additive",
      "provider": "provider[\"registry.terraform.io/hashicorp/google\"]",
      "instances": [
        {
          "index_key": "default--roles/aiplatform.user--serviceAccount:qdrant-bucket-access@dttl-nl-genai-sandbox.iam.gserviceaccount.com",
          "schema_version": 0,
          "attributes": {
            "condition": [],
            "etag": "BwYbT5K3P6M=",
            "id": "dttl-nl-genai-sandbox/roles/aiplatform.user/serviceAccount:qdrant-bucket-access@dttl-nl-genai-sandbox.iam.gserviceaccount.com",
            "member": "serviceAccount:qdrant-bucket-access@dttl-nl-genai-sandbox.iam.gserviceaccount.com",
            "project": "dttl-nl-genai-sandbox",
            "role": "roles/aiplatform.user"
          },
          "sensitive_attributes": [],
          "private": "bnVsbA==",
          "dependencies": [
            "module.cloud_storage.module.service-account-bucket.google_billing_account_iam_member.billing_user",
            "module.cloud_storage.module.service-account-bucket.google_organization_iam_member.billing_user",
            "module.cloud_storage.module.service-account-bucket.google_organization_iam_member.organization_viewer",
            "module.cloud_storage.module.service-account-bucket.google_organization_iam_member.xpn_admin",
            "module.cloud_storage.module.service-account-bucket.google_project_iam_member.project-roles",
            "module.cloud_storage.module.service-account-bucket.google_service_account.service_accounts",
            "module.cloud_storage.module.service-account-bucket.google_service_account_key.keys"
          ]
        },
        {
          "index_key": "default--roles/iam.workloadIdentityUser--serviceAccount:dttl-nl-genai-sandbox.svc.id.goog[qdrant/embed-docs-sa]",
          "schema_version": 0,
          "attributes": {
            "condition": [],
            "etag": "BwYbT5K3P6M=",
            "id": "dttl-nl-genai-sandbox/roles/iam.workloadIdentityUser/serviceAccount:dttl-nl-genai-sandbox.svc.id.goog[qdrant/embed-docs-sa]",
            "member": "serviceAccount:dttl-nl-genai-sandbox.svc.id.goog[qdrant/embed-docs-sa]",
            "project": "dttl-nl-genai-sandbox",
            "role": "roles/iam.workloadIdentityUser"
          },
          "sensitive_attributes": [],
          "private": "bnVsbA==",
          "dependencies": [
            "module.cloud_storage.module.service-account-bucket.google_billing_account_iam_member.billing_user",
            "module.cloud_storage.module.service-account-bucket.google_organization_iam_member.billing_user",
            "module.cloud_storage.module.service-account-bucket.google_organization_iam_member.organization_viewer",
            "module.cloud_storage.module.service-account-bucket.google_organization_iam_member.xpn_admin",
            "module.cloud_storage.module.service-account-bucket.google_project_iam_member.project-roles",
            "module.cloud_storage.module.service-account-bucket.google_service_account.service_accounts",
            "module.cloud_storage.module.service-account-bucket.google_service_account_key.keys"
          ]
        }
      ]
    },
    {
      "module": "module.cloud_storage.module.service-account-bucket",
      "mode": "managed",
      "type": "google_service_account",
      "name": "service_accounts",
      "provider": "provider[\"registry.terraform.io/hashicorp/google\"]",
      "instances": [
        {
          "index_key": "qdrant-bucket-access",
          "schema_version": 0,
          "attributes": {
            "account_id": "qdrant-bucket-access",
            "create_ignore_already_exists": null,
            "description": "Service account to access the bucket with Qdrant training documents",
            "disabled": false,
            "display_name": "Terraform-managed service account",
            "email": "qdrant-bucket-access@dttl-nl-genai-sandbox.iam.gserviceaccount.com",
            "id": "projects/dttl-nl-genai-sandbox/serviceAccounts/qdrant-bucket-access@dttl-nl-genai-sandbox.iam.gserviceaccount.com",
            "member": "serviceAccount:qdrant-bucket-access@dttl-nl-genai-sandbox.iam.gserviceaccount.com",
            "name": "projects/dttl-nl-genai-sandbox/serviceAccounts/qdrant-bucket-access@dttl-nl-genai-sandbox.iam.gserviceaccount.com",
            "project": "dttl-nl-genai-sandbox",
            "timeouts": null,
            "unique_id": "100530834318928959488"
          },
          "sensitive_attributes": [],
          "private": "eyJlMmJmYjczMC1lY2FhLTExZTYtOGY4OC0zNDM2M2JjN2M0YzAiOnsiY3JlYXRlIjozMDAwMDAwMDAwMDB9fQ=="
        }
      ]
    },
    {
      "module": "module.cloud_storage.module.service-account-eventarc",
      "mode": "managed",
      "type": "google_service_account",
      "name": "service_accounts",
      "provider": "provider[\"registry.terraform.io/hashicorp/google\"]",
      "instances": [
        {
          "index_key": "qdrant-eventarc-access",
          "schema_version": 0,
          "attributes": {
            "account_id": "qdrant-eventarc-access",
            "create_ignore_already_exists": null,
            "description": "Service account to access the Pub/Sub Topic and GKE clusters for Eventarc",
            "disabled": false,
            "display_name": "Terraform-managed service account",
            "email": "qdrant-eventarc-access@dttl-nl-genai-sandbox.iam.gserviceaccount.com",
            "id": "projects/dttl-nl-genai-sandbox/serviceAccounts/qdrant-eventarc-access@dttl-nl-genai-sandbox.iam.gserviceaccount.com",
            "member": "serviceAccount:qdrant-eventarc-access@dttl-nl-genai-sandbox.iam.gserviceaccount.com",
            "name": "projects/dttl-nl-genai-sandbox/serviceAccounts/qdrant-eventarc-access@dttl-nl-genai-sandbox.iam.gserviceaccount.com",
            "project": "dttl-nl-genai-sandbox",
            "timeouts": null,
            "unique_id": "102348543309559155554"
          },
          "sensitive_attributes": [],
          "private": "eyJlMmJmYjczMC1lY2FhLTExZTYtOGY4OC0zNDM2M2JjN2M0YzAiOnsiY3JlYXRlIjozMDAwMDAwMDAwMDB9fQ=="
        }
      ]
    }
  ],
  "check_results": null
}
